<?xml version="1.0" encoding="utf-8"?>
<Project ToolsVersion="4.0" xmlns="http://schemas.microsoft.com/developer/msbuild/2003">
  <ItemGroup>
    <Filter Include="Source">
      <UniqueIdentifier>{8398928e-7075-4c5e-ad45-e9a790bd1a8f}</UniqueIdentifier>
    </Filter>
    <Filter Include="Source\Window">
      <UniqueIdentifier>{06d166a9-82d7-4a2b-a7fa-83aa6177d443}</UniqueIdentifier>
    </Filter>
    <Filter Include="Source\Audio">
      <UniqueIdentifier>{2c3e81c7-1a36-4f11-a6ae-662a98ee876a}</UniqueIdentifier>
    </Filter>
    <Filter Include="Source\Video">
      <UniqueIdentifier>{ccb338aa-50b9-45d6-8804-a588a15467d6}</UniqueIdentifier>
    </Filter>
    <Filter Include="Source\Utility">
      <UniqueIdentifier>{2821213f-02f2-47fd-aa24-9f4fbca35915}</UniqueIdentifier>
    </Filter>
    <Filter Include="Source\Input">
      <UniqueIdentifier>{7c066d21-5f43-46e1-b9fd-f94c3757c21e}</UniqueIdentifier>
    </Filter>
    <Filter Include="Source\Graphics">
      <UniqueIdentifier>{963e6e2d-feaa-46ed-b09a-e4dd6604b878}</UniqueIdentifier>
    </Filter>
    <Filter Include="Source\Physics">
      <UniqueIdentifier>{6d2f160a-c473-43a3-b7b3-fb0bd04be2f6}</UniqueIdentifier>
    </Filter>
    <Filter Include="Source\Model">
      <UniqueIdentifier>{6b38558b-39e7-4516-aaa5-fce7714232f3}</UniqueIdentifier>
    </Filter>
    <Filter Include="Source\Audio\Vender">
      <UniqueIdentifier>{6e577cfc-2724-40ab-a66b-018e2ea7e0f8}</UniqueIdentifier>
    </Filter>
    <Filter Include="Source\HighLevel">
      <UniqueIdentifier>{e59585c9-38ef-4398-9828-0dfe7bd5a455}</UniqueIdentifier>
    </Filter>
    <Filter Include="Source\HighLevel\Component">
      <UniqueIdentifier>{5241ec6f-eaa8-42f1-b0b3-d1c7fcc0756e}</UniqueIdentifier>
    </Filter>
    <Filter Include="Source\HighLevel\Behaviour">
      <UniqueIdentifier>{8636235f-7613-46c3-ac14-ffe65fe151cb}</UniqueIdentifier>
    </Filter>
    <Filter Include="Source\Graphics\Shader">
      <UniqueIdentifier>{1298e19e-20de-4168-97c0-262693440c49}</UniqueIdentifier>
    </Filter>
    <Filter Include="Source\Physics\PhysX">
      <UniqueIdentifier>{8eee3524-c3cf-4f16-a8c5-b2abe59208e7}</UniqueIdentifier>
    </Filter>
    <Filter Include="Source\Graphics\Shader\Sprite">
      <UniqueIdentifier>{8c8345dd-73d1-42e5-b41f-e27c1dd80673}</UniqueIdentifier>
    </Filter>
    <Filter Include="Library">
      <UniqueIdentifier>{a9117c26-298c-4f72-9d3f-76420733a8c4}</UniqueIdentifier>
    </Filter>
    <Filter Include="Library\imGui">
      <UniqueIdentifier>{3402aadc-b010-434e-98dc-2336ff33a61f}</UniqueIdentifier>
    </Filter>
    <Filter Include="Source\Profile">
      <UniqueIdentifier>{db5773ed-8c01-48f4-9862-b8928a9543a3}</UniqueIdentifier>
    </Filter>
    <Filter Include="Source\Graphics\Shader\GPUParticle">
      <UniqueIdentifier>{d00205f7-cb88-4083-94ba-60b8f0ee702c}</UniqueIdentifier>
    </Filter>
    <Filter Include="Source\Graphics\Particle">
      <UniqueIdentifier>{a6832943-a61e-4926-bb51-eea4c6fc9562}</UniqueIdentifier>
    </Filter>
    <Filter Include="Source\Graphics\Shader\Unlit">
      <UniqueIdentifier>{c2d017d1-2dcc-4ad1-84e6-e28bef9bce14}</UniqueIdentifier>
    </Filter>
    <Filter Include="Source\Graphics\Shader\Lit">
      <UniqueIdentifier>{5c03c7fd-9013-448c-bb57-40e1b235e90d}</UniqueIdentifier>
    </Filter>
    <Filter Include="Source\Graphics\Camera">
      <UniqueIdentifier>{ced4b30b-e21a-4b37-bbf3-15d4663f93a2}</UniqueIdentifier>
    </Filter>
    <Filter Include="Source\HighLevel\Camera">
      <UniqueIdentifier>{bb42b3c0-7bc5-4872-818b-20264e41ad34}</UniqueIdentifier>
    </Filter>
    <Filter Include="Source\HighLevel\Manager">
      <UniqueIdentifier>{392a0d13-d873-4d31-b489-52da60c41a7a}</UniqueIdentifier>
    </Filter>
    <Filter Include="Source\Graphics\Shader\PostProcess">
      <UniqueIdentifier>{ca156c7e-232b-4c4e-bd58-c52c4e821494}</UniqueIdentifier>
    </Filter>
    <Filter Include="Source\Graphics\Shader\Grass">
      <UniqueIdentifier>{d7f4d96b-fe99-44ed-b888-fdf859b5f668}</UniqueIdentifier>
    </Filter>
    <Filter Include="Library\DirectXTK">
      <UniqueIdentifier>{9f6ce622-6b2c-4ec4-bd75-f0ab2312e8fd}</UniqueIdentifier>
    </Filter>
    <Filter Include="Source\Math">
      <UniqueIdentifier>{317e82c1-4952-4a22-b4a4-81eea0c8e5d6}</UniqueIdentifier>
    </Filter>
    <Filter Include="Source\HighLevel\GUI">
      <UniqueIdentifier>{b29a3cbc-886e-408a-9dbe-3de3a581fd21}</UniqueIdentifier>
    </Filter>
    <Filter Include="Source\Graphics\Particle\Module">
      <UniqueIdentifier>{efae874a-0ade-4d66-bc07-f036ce83915e}</UniqueIdentifier>
    </Filter>
    <Filter Include="Source\Input\KeyMouse">
      <UniqueIdentifier>{b8498e20-a5a3-4ad4-9344-eaad13f4cf16}</UniqueIdentifier>
    </Filter>
    <Filter Include="Source\Input\Pad">
      <UniqueIdentifier>{332874e4-b0aa-46e5-a225-a8aa5bfc5bc2}</UniqueIdentifier>
    </Filter>
    <Filter Include="Library\json">
      <UniqueIdentifier>{d0fece95-376d-42ec-8571-ca1f45de24b8}</UniqueIdentifier>
    </Filter>
    <Filter Include="Source\Graphics\Shader\LensGhost">
      <UniqueIdentifier>{b33352b0-1c60-4c42-8441-2bf1c09f572c}</UniqueIdentifier>
    </Filter>
  </ItemGroup>
  <ItemGroup>
    <ClCompile Include="Source\Window\Window.cpp">
      <Filter>Source\Window</Filter>
    </ClCompile>
    <ClCompile Include="Source\Pch.cpp">
      <Filter>Source</Filter>
    </ClCompile>
    <ClCompile Include="Source\Graphics\GraphicsDevice.cpp">
      <Filter>Source\Graphics</Filter>
    </ClCompile>
    <ClCompile Include="Source\Graphics\GraphicsDeviceChild.cpp">
      <Filter>Source\Graphics</Filter>
    </ClCompile>
    <ClCompile Include="Source\Graphics\Texture.cpp">
      <Filter>Source\Graphics</Filter>
    </ClCompile>
    <ClCompile Include="Source\Audio\AudioDevice.cpp">
      <Filter>Source\Audio</Filter>
    </ClCompile>
    <ClCompile Include="Source\Audio\AudioDeviceChild.cpp">
      <Filter>Source\Audio</Filter>
    </ClCompile>
    <ClCompile Include="Source\Audio\Vender\WaveBankReader.cpp">
      <Filter>Source\Audio\Vender</Filter>
    </ClCompile>
    <ClCompile Include="Source\Audio\Vender\WAVFileReader.cpp">
      <Filter>Source\Audio\Vender</Filter>
    </ClCompile>
    <ClCompile Include="Source\Audio\Sound.cpp">
      <Filter>Source\Audio</Filter>
    </ClCompile>
    <ClCompile Include="Source\Video\VideoDevice.cpp">
      <Filter>Source\Video</Filter>
    </ClCompile>
    <ClCompile Include="Source\Input\Input.cpp">
      <Filter>Source\Input</Filter>
    </ClCompile>
    <ClCompile Include="Source\Audio\Sound3D.cpp">
      <Filter>Source\Audio</Filter>
    </ClCompile>
    <ClCompile Include="Source\Utility\Utility.cpp">
      <Filter>Source\Utility</Filter>
    </ClCompile>
    <ClCompile Include="Source\Input\GamePad.cpp">
      <Filter>Source\Input</Filter>
    </ClCompile>
    <ClCompile Include="Source\Utility\Timer.cpp">
      <Filter>Source\Utility</Filter>
    </ClCompile>
    <ClCompile Include="Source\HighLevel\Component\Transform.cpp">
      <Filter>Source\HighLevel\Component</Filter>
    </ClCompile>
    <ClCompile Include="Source\Physics\Collision.cpp">
      <Filter>Source\Physics</Filter>
    </ClCompile>
    <ClCompile Include="Source\HighLevel\CyclopsRoot.cpp">
      <Filter>Source\HighLevel</Filter>
    </ClCompile>
    <ClCompile Include="Source\Graphics\Buffer.cpp">
      <Filter>Source\Graphics</Filter>
    </ClCompile>
    <ClCompile Include="Source\Subsystem.cpp">
      <Filter>Source</Filter>
    </ClCompile>
    <ClCompile Include="Source\Graphics\Shader\Sprite\SpriteShader.cpp">
      <Filter>Source\Graphics\Shader\Sprite</Filter>
    </ClCompile>
    <ClCompile Include="Source\Graphics\RendererStatus.cpp">
      <Filter>Source\Graphics</Filter>
    </ClCompile>
    <ClCompile Include="Source\Graphics\Shader\ShaderManager.cpp">
      <Filter>Source\Graphics\Shader</Filter>
    </ClCompile>
    <ClCompile Include="Source\Profile\Profile.cpp">
      <Filter>Source\Profile</Filter>
    </ClCompile>
    <ClCompile Include="Source\Profile\ImGuiProfile.cpp">
      <Filter>Source\Profile</Filter>
    </ClCompile>
    <ClCompile Include="..\Library\imGui\imgui.cpp">
      <Filter>Library\imGui</Filter>
    </ClCompile>
    <ClCompile Include="..\Library\imGui\imgui_demo.cpp">
      <Filter>Library\imGui</Filter>
    </ClCompile>
    <ClCompile Include="..\Library\imGui\imgui_draw.cpp">
      <Filter>Library\imGui</Filter>
    </ClCompile>
    <ClCompile Include="..\Library\imGui\imgui_impl_dx11.cpp">
      <Filter>Library\imGui</Filter>
    </ClCompile>
    <ClCompile Include="..\Library\imGui\imgui_impl_win32.cpp">
      <Filter>Library\imGui</Filter>
    </ClCompile>
    <ClCompile Include="..\Library\imGui\imgui_tables.cpp">
      <Filter>Library\imGui</Filter>
    </ClCompile>
    <ClCompile Include="..\Library\imGui\imgui_widgets.cpp">
      <Filter>Library\imGui</Filter>
    </ClCompile>
    <ClCompile Include="Source\Graphics\Shader\GPUParticle\GPUParticleShader.cpp">
      <Filter>Source\Graphics\Shader\GPUParticle</Filter>
    </ClCompile>
    <ClCompile Include="Source\Graphics\Particle\ParticleSystem.cpp">
      <Filter>Source\Graphics\Particle</Filter>
    </ClCompile>
    <ClCompile Include="Source\Graphics\Shader\Unlit\UnlitShader.cpp">
      <Filter>Source\Graphics\Shader\Unlit</Filter>
    </ClCompile>
    <ClCompile Include="Source\Graphics\Shader\Lit\LitShader.cpp">
      <Filter>Source\Graphics\Shader\Lit</Filter>
    </ClCompile>
    <ClCompile Include="Source\Graphics\Camera\Camera.cpp">
      <Filter>Source\Graphics\Camera</Filter>
    </ClCompile>
    <ClCompile Include="Source\HighLevel\Camera\TPSCamera.cpp">
      <Filter>Source\HighLevel\Camera</Filter>
    </ClCompile>
    <ClCompile Include="Source\HighLevel\Camera\FPSCamera.cpp">
      <Filter>Source\HighLevel\Camera</Filter>
    </ClCompile>
    <ClCompile Include="Source\HighLevel\Manager\CameraManager.cpp">
      <Filter>Source\HighLevel\Manager</Filter>
    </ClCompile>
    <ClCompile Include="Source\HighLevel\Camera\EditorCamera.cpp">
      <Filter>Source\HighLevel\Camera</Filter>
    </ClCompile>
    <ClCompile Include="Source\Graphics\Shader\PostProcess\PostProcessShader.cpp">
      <Filter>Source\Graphics\Shader\PostProcess</Filter>
    </ClCompile>
    <ClCompile Include="Source\HighLevel\Camera\PanCamera.cpp">
      <Filter>Source\HighLevel\Camera</Filter>
    </ClCompile>
    <ClCompile Include="Source\Graphics\Shader\Grass\GrassShader.cpp">
      <Filter>Source\Graphics\Shader\Grass</Filter>
    </ClCompile>
    <ClCompile Include="Source\Math\Easing.cpp">
      <Filter>Source\Math</Filter>
    </ClCompile>
    <ClCompile Include="..\Library\DirectXTK\SimpleMath.cpp">
      <Filter>Library\DirectXTK</Filter>
    </ClCompile>
    <ClCompile Include="Source\HighLevel\GUI\Button2D.cpp">
      <Filter>Source\HighLevel\GUI</Filter>
    </ClCompile>
    <ClCompile Include="Source\Window\ShellSystem.cpp">
      <Filter>Source\Window</Filter>
    </ClCompile>
    <ClCompile Include="Source\Graphics\Particle\Module\ParticleSystemModule.cpp">
      <Filter>Source\Graphics\Particle\Module</Filter>
    </ClCompile>
    <ClCompile Include="Source\Graphics\Particle\Module\ShapeModule.cpp">
      <Filter>Source\Graphics\Particle\Module</Filter>
    </ClCompile>
    <ClCompile Include="Source\Graphics\Particle\Module\CollisionModule.cpp">
      <Filter>Source\Graphics\Particle\Module</Filter>
    </ClCompile>
    <ClCompile Include="Source\Graphics\Particle\Module\EmissionModule.cpp">
      <Filter>Source\Graphics\Particle\Module</Filter>
    </ClCompile>
    <ClCompile Include="Source\Graphics\Particle\Module\MainModule.cpp">
      <Filter>Source\Graphics\Particle\Module</Filter>
    </ClCompile>
    <ClCompile Include="Source\Math\RandomSystem.cpp">
      <Filter>Source\Math</Filter>
    </ClCompile>
    <ClCompile Include="Source\HighLevel\Manager\ResourceManager.cpp">
      <Filter>Source\HighLevel\Manager</Filter>
    </ClCompile>
    <ClCompile Include="Source\Audio\OriginalXAPO.cpp">
      <Filter>Source\Audio</Filter>
    </ClCompile>
    <ClCompile Include="Source\Graphics\Shader\LensGhost\LensGhostShader.cpp">
      <Filter>Source\Graphics\Shader\LensGhost</Filter>
    </ClCompile>
  </ItemGroup>
  <ItemGroup>
    <ClInclude Include="Source\Window\Window.h">
      <Filter>Source\Window</Filter>
    </ClInclude>
    <ClInclude Include="Source\Pch.h">
      <Filter>Source</Filter>
    </ClInclude>
    <ClInclude Include="Source\Graphics\GraphicsDeviceChild.h">
      <Filter>Source\Graphics</Filter>
    </ClInclude>
    <ClInclude Include="Source\Engine.h">
      <Filter>Source</Filter>
    </ClInclude>
    <ClInclude Include="Source\Graphics\Texture.h">
      <Filter>Source\Graphics</Filter>
    </ClInclude>
    <ClInclude Include="Source\Audio\AudioDevice.h">
      <Filter>Source\Audio</Filter>
    </ClInclude>
    <ClInclude Include="Source\Audio\AudioDeviceChild.h">
      <Filter>Source\Audio</Filter>
    </ClInclude>
    <ClInclude Include="Source\Audio\Vender\WaveBankReader.h">
      <Filter>Source\Audio\Vender</Filter>
    </ClInclude>
    <ClInclude Include="Source\Audio\Vender\WAVFileReader.h">
      <Filter>Source\Audio\Vender</Filter>
    </ClInclude>
    <ClInclude Include="Source\Audio\Sound.h">
      <Filter>Source\Audio</Filter>
    </ClInclude>
    <ClInclude Include="Source\Video\VideoDevice.h">
      <Filter>Source\Video</Filter>
    </ClInclude>
    <ClInclude Include="Source\HighLevel\Component\Component.h">
      <Filter>Source\HighLevel\Component</Filter>
    </ClInclude>
    <ClInclude Include="Source\HighLevel\Behaviour\Behaviour.h">
      <Filter>Source\HighLevel\Behaviour</Filter>
    </ClInclude>
    <ClInclude Include="Source\Input\Input.h">
      <Filter>Source\Input</Filter>
    </ClInclude>
    <ClInclude Include="Source\Audio\Sound3D.h">
      <Filter>Source\Audio</Filter>
    </ClInclude>
    <ClInclude Include="Source\Utility\Timer.h">
      <Filter>Source\Utility</Filter>
    </ClInclude>
    <ClInclude Include="Source\Utility\Utility.h">
      <Filter>Source\Utility</Filter>
    </ClInclude>
    <ClInclude Include="Source\Input\GamePad.h">
      <Filter>Source\Input</Filter>
    </ClInclude>
    <ClInclude Include="Source\HighLevel\Component\Transform.h">
      <Filter>Source\HighLevel\Component</Filter>
    </ClInclude>
    <ClInclude Include="Source\Physics\Collision.h">
      <Filter>Source\Physics</Filter>
    </ClInclude>
    <ClInclude Include="Source\HighLevel\CyclopsRoot.h">
      <Filter>Source\HighLevel</Filter>
    </ClInclude>
    <ClInclude Include="Source\Graphics\Buffer.h">
      <Filter>Source\Graphics</Filter>
    </ClInclude>
    <ClInclude Include="Source\Subsystem.h">
      <Filter>Source</Filter>
    </ClInclude>
    <ClInclude Include="Source\Graphics\Shader\Sprite\SpriteShader.h">
      <Filter>Source\Graphics\Shader\Sprite</Filter>
    </ClInclude>
    <ClInclude Include="Source\Graphics\RendererStatus.h">
      <Filter>Source\Graphics</Filter>
    </ClInclude>
    <ClInclude Include="Source\Graphics\Shader\ShaderManager.h">
      <Filter>Source\Graphics\Shader</Filter>
    </ClInclude>
    <ClInclude Include="Source\Profile\Profile.h">
      <Filter>Source\Profile</Filter>
    </ClInclude>
    <ClInclude Include="Source\Profile\ImGuiProfile.h">
      <Filter>Source\Profile</Filter>
    </ClInclude>
    <ClInclude Include="..\Library\imGui\imconfig.h">
      <Filter>Library\imGui</Filter>
    </ClInclude>
    <ClInclude Include="..\Library\imGui\imgui.h">
      <Filter>Library\imGui</Filter>
    </ClInclude>
    <ClInclude Include="..\Library\imGui\imgui_glyph_ranges_jp.h">
      <Filter>Library\imGui</Filter>
    </ClInclude>
    <ClInclude Include="..\Library\imGui\imgui_impl_dx11.h">
      <Filter>Library\imGui</Filter>
    </ClInclude>
    <ClInclude Include="..\Library\imGui\imgui_impl_win32.h">
      <Filter>Library\imGui</Filter>
    </ClInclude>
    <ClInclude Include="..\Library\imGui\imgui_internal.h">
      <Filter>Library\imGui</Filter>
    </ClInclude>
    <ClInclude Include="..\Library\imGui\imstb_rectpack.h">
      <Filter>Library\imGui</Filter>
    </ClInclude>
    <ClInclude Include="..\Library\imGui\imstb_textedit.h">
      <Filter>Library\imGui</Filter>
    </ClInclude>
    <ClInclude Include="..\Library\imGui\imstb_truetype.h">
      <Filter>Library\imGui</Filter>
    </ClInclude>
    <ClInclude Include="Source\Graphics\Shader\GPUParticle\GPUParticleShader.h">
      <Filter>Source\Graphics\Shader\GPUParticle</Filter>
    </ClInclude>
    <ClInclude Include="Source\Graphics\Particle\ParticleSystem.h">
      <Filter>Source\Graphics\Particle</Filter>
    </ClInclude>
    <ClInclude Include="Source\Graphics\GraphicsDevice.h">
      <Filter>Source\Graphics</Filter>
    </ClInclude>
    <ClInclude Include="Source\Graphics\Shader\Unlit\UnlitShader.h">
      <Filter>Source\Graphics\Shader\Unlit</Filter>
    </ClInclude>
    <ClInclude Include="Source\Graphics\Shader\Lit\LitShader.h">
      <Filter>Source\Graphics\Shader\Lit</Filter>
    </ClInclude>
    <ClInclude Include="Source\Graphics\Camera\Camera.h">
      <Filter>Source\Graphics\Camera</Filter>
    </ClInclude>
    <ClInclude Include="Source\HighLevel\Camera\TPSCamera.h">
      <Filter>Source\HighLevel\Camera</Filter>
    </ClInclude>
    <ClInclude Include="Source\HighLevel\Camera\FPSCamera.h">
      <Filter>Source\HighLevel\Camera</Filter>
    </ClInclude>
    <ClInclude Include="Source\HighLevel\Manager\CameraManager.h">
      <Filter>Source\HighLevel\Manager</Filter>
    </ClInclude>
    <ClInclude Include="Source\HighLevel\Camera\EditorCamera.h">
      <Filter>Source\HighLevel\Camera</Filter>
    </ClInclude>
    <ClInclude Include="Source\Graphics\Shader\PostProcess\PostProcessShader.h">
      <Filter>Source\Graphics\Shader\PostProcess</Filter>
    </ClInclude>
    <ClInclude Include="Source\HighLevel\Camera\PanCamera.h">
      <Filter>Source\HighLevel\Camera</Filter>
    </ClInclude>
    <ClInclude Include="Source\Graphics\Shader\Grass\GrassShader.h">
      <Filter>Source\Graphics\Shader\Grass</Filter>
    </ClInclude>
    <ClInclude Include="Source\Math\Easing.h">
      <Filter>Source\Math</Filter>
    </ClInclude>
    <ClInclude Include="..\Library\DirectXTK\SimpleMath.h">
      <Filter>Library\DirectXTK</Filter>
    </ClInclude>
    <ClInclude Include="Source\HighLevel\GUI\Button2D.h">
      <Filter>Source\HighLevel\GUI</Filter>
    </ClInclude>
    <ClInclude Include="Source\Window\ShellSystem.h">
      <Filter>Source\Window</Filter>
    </ClInclude>
    <ClInclude Include="Source\Graphics\Particle\Module\ParticleSystemModule.h">
      <Filter>Source\Graphics\Particle\Module</Filter>
    </ClInclude>
    <ClInclude Include="Source\Graphics\Particle\Module\MainModule.h">
      <Filter>Source\Graphics\Particle\Module</Filter>
    </ClInclude>
    <ClInclude Include="Source\Graphics\Particle\Module\EmissionModule.h">
      <Filter>Source\Graphics\Particle\Module</Filter>
    </ClInclude>
    <ClInclude Include="Source\Graphics\Particle\Module\ShapeModule.h">
      <Filter>Source\Graphics\Particle\Module</Filter>
    </ClInclude>
    <ClInclude Include="Source\Graphics\Particle\Module\CollisionModule.h">
      <Filter>Source\Graphics\Particle\Module</Filter>
    </ClInclude>
    <ClInclude Include="..\Library\json\nlohmann\adl_serializer.hpp">
      <Filter>Library\json</Filter>
    </ClInclude>
    <ClInclude Include="..\Library\json\nlohmann\byte_container_with_subtype.hpp">
      <Filter>Library\json</Filter>
    </ClInclude>
    <ClInclude Include="..\Library\json\nlohmann\json.hpp">
      <Filter>Library\json</Filter>
    </ClInclude>
    <ClInclude Include="..\Library\json\nlohmann\json_fwd.hpp">
      <Filter>Library\json</Filter>
    </ClInclude>
    <ClInclude Include="..\Library\json\nlohmann\ordered_map.hpp">
      <Filter>Library\json</Filter>
    </ClInclude>
    <ClInclude Include="Source\Math\RandomSystem.h">
      <Filter>Source\Math</Filter>
    </ClInclude>
    <ClInclude Include="Source\HighLevel\Manager\ResourceManager.h">
      <Filter>Source\HighLevel\Manager</Filter>
    </ClInclude>
    <ClInclude Include="Source\Audio\OriginalXAPO.h">
      <Filter>Source\Audio</Filter>
    </ClInclude>
    <ClInclude Include="Source\Graphics\Shader\LensGhost\LensGhostShader.h">
      <Filter>Source\Graphics\Shader\LensGhost</Filter>
    </ClInclude>
  </ItemGroup>
  <ItemGroup>
    <FxCompile Include="Source\Graphics\Shader\Sprite\SpriteShader_VS.hlsl">
      <Filter>Source\Graphics\Shader\Sprite</Filter>
    </FxCompile>
    <FxCompile Include="Source\Graphics\Shader\Sprite\SpriteShader_PS.hlsl">
      <Filter>Source\Graphics\Shader\Sprite</Filter>
    </FxCompile>
    <FxCompile Include="Source\Graphics\Shader\GPUParticle\GPUParticle_PS.hlsl">
      <Filter>Source\Graphics\Shader\GPUParticle</Filter>
    </FxCompile>
    <FxCompile Include="Source\Graphics\Shader\GPUParticle\GPUParticle_CS.hlsl">
      <Filter>Source\Graphics\Shader\GPUParticle</Filter>
    </FxCompile>
    <FxCompile Include="Source\Graphics\Shader\GPUParticle\GPUParticle_VS.hlsl">
      <Filter>Source\Graphics\Shader\GPUParticle</Filter>
    </FxCompile>
    <FxCompile Include="Source\Graphics\Shader\Unlit\UnlitShader_VS.hlsl">
      <Filter>Source\Graphics\Shader\Unlit</Filter>
    </FxCompile>
    <FxCompile Include="Source\Graphics\Shader\Unlit\UnlitShader_PS.hlsl">
      <Filter>Source\Graphics\Shader\Unlit</Filter>
    </FxCompile>
    <FxCompile Include="Source\Graphics\Shader\GPUParticle\GPUParticle_GS.hlsl">
      <Filter>Source\Graphics\Shader\GPUParticle</Filter>
    </FxCompile>
    <FxCompile Include="Source\Graphics\Shader\PostProcess\PostProcessShader_Blur_PS.hlsl">
      <Filter>Source\Graphics\Shader\PostProcess</Filter>
    </FxCompile>
    <FxCompile Include="Source\Graphics\Shader\PostProcess\PostProcessShader_Color_PS.hlsl">
      <Filter>Source\Graphics\Shader\PostProcess</Filter>
    </FxCompile>
    <FxCompile Include="Source\Graphics\Shader\PostProcess\PostProcessShader_HBright_PS.hlsl">
      <Filter>Source\Graphics\Shader\PostProcess</Filter>
    </FxCompile>
    <FxCompile Include="Source\Graphics\Shader\PostProcess\PostProcessShader_VS.hlsl">
      <Filter>Source\Graphics\Shader\PostProcess</Filter>
    </FxCompile>
    <FxCompile Include="Source\Graphics\Shader\Lit\LitShader_PS.hlsl">
      <Filter>Source\Graphics\Shader\Lit</Filter>
    </FxCompile>
    <FxCompile Include="Source\Graphics\Shader\Lit\LitShader_VS.hlsl">
      <Filter>Source\Graphics\Shader\Lit</Filter>
    </FxCompile>
    <FxCompile Include="Source\Graphics\Shader\Grass\GrassShader_PS.hlsl">
      <Filter>Source\Graphics\Shader\Grass</Filter>
    </FxCompile>
    <FxCompile Include="Source\Graphics\Shader\Grass\GrassShader_VS.hlsl">
      <Filter>Source\Graphics\Shader\Grass</Filter>
    </FxCompile>
    <FxCompile Include="Source\Graphics\Shader\Grass\GrassShader_HS.hlsl">
      <Filter>Source\Graphics\Shader\Grass</Filter>
    </FxCompile>
    <FxCompile Include="Source\Graphics\Shader\Grass\GrassShader_DS.hlsl">
      <Filter>Source\Graphics\Shader\Grass</Filter>
    </FxCompile>
    <FxCompile Include="Source\Graphics\Shader\LensGhost\LensGhostShader_PS.hlsl">
      <Filter>Source\Graphics\Shader\LensGhost</Filter>
    </FxCompile>
    <FxCompile Include="Source\Graphics\Shader\LensGhost\LensGhostShader_VS.hlsl">
      <Filter>Source\Graphics\Shader\LensGhost</Filter>
    </FxCompile>
  </ItemGroup>
  <ItemGroup>
    <None Include="Source\Graphics\Shader\Sprite\SpriteShader.hlsli">
      <Filter>Source\Graphics\Shader\Sprite</Filter>
    </None>
    <None Include="Source\Graphics\Shader\ConstantBuffer.hlsli">
      <Filter>Source\Graphics\Shader</Filter>
    </None>
    <None Include="Source\Graphics\Shader\GPUParticle\GPUParticle.hlsli">
      <Filter>Source\Graphics\Shader\GPUParticle</Filter>
    </None>
    <None Include="Source\Graphics\Shader\Unlit\UnlitShader.hlsli">
      <Filter>Source\Graphics\Shader\Unlit</Filter>
    </None>
    <None Include="Source\Graphics\Shader\PostProcess\PostProcessShader.hlsli">
      <Filter>Source\Graphics\Shader\PostProcess</Filter>
    </None>
    <None Include="Source\Graphics\Shader\Lit\LitShader.hlsli">
      <Filter>Source\Graphics\Shader\Lit</Filter>
    </None>
    <None Include="Source\Graphics\Shader\Grass\GrassShader.hlsli">
      <Filter>Source\Graphics\Shader\Grass</Filter>
    </None>
    <None Include="..\Library\DirectXTK\SimpleMath.inl">
      <Filter>Library\DirectXTK</Filter>
    </None>
    <None Include="Source\Graphics\Shader\LensGhost\LensGhost.hlsli">
      <Filter>Source\Graphics\Shader\LensGhost</Filter>
    </None>
  </ItemGroup>
</Project>