<?xml version="1.0" encoding="utf-8"?>
<Project ToolsVersion="4.0" xmlns="http://schemas.microsoft.com/developer/msbuild/2003">
  <ItemGroup>
    <Filter Include="Source">
      <UniqueIdentifier>{8398928e-7075-4c5e-ad45-e9a790bd1a8f}</UniqueIdentifier>
    </Filter>
    <Filter Include="Source\Window">
      <UniqueIdentifier>{06d166a9-82d7-4a2b-a7fa-83aa6177d443}</UniqueIdentifier>
    </Filter>
    <Filter Include="Source\Audio">
      <UniqueIdentifier>{2c3e81c7-1a36-4f11-a6ae-662a98ee876a}</UniqueIdentifier>
    </Filter>
    <Filter Include="Source\Video">
      <UniqueIdentifier>{ccb338aa-50b9-45d6-8804-a588a15467d6}</UniqueIdentifier>
    </Filter>
    <Filter Include="Source\Utility">
      <UniqueIdentifier>{2821213f-02f2-47fd-aa24-9f4fbca35915}</UniqueIdentifier>
    </Filter>
    <Filter Include="Source\Input">
      <UniqueIdentifier>{7c066d21-5f43-46e1-b9fd-f94c3757c21e}</UniqueIdentifier>
    </Filter>
    <Filter Include="Source\Graphics">
      <UniqueIdentifier>{963e6e2d-feaa-46ed-b09a-e4dd6604b878}</UniqueIdentifier>
    </Filter>
    <Filter Include="Source\Physics">
      <UniqueIdentifier>{6d2f160a-c473-43a3-b7b3-fb0bd04be2f6}</UniqueIdentifier>
    </Filter>
    <Filter Include="Source\Model">
      <UniqueIdentifier>{6b38558b-39e7-4516-aaa5-fce7714232f3}</UniqueIdentifier>
    </Filter>
    <Filter Include="Source\Math">
      <UniqueIdentifier>{4955ffb9-00ab-46a5-80e4-6d22ddb14b3b}</UniqueIdentifier>
    </Filter>
    <Filter Include="Source\Audio\Vender">
      <UniqueIdentifier>{6e577cfc-2724-40ab-a66b-018e2ea7e0f8}</UniqueIdentifier>
    </Filter>
    <Filter Include="Source\HighLevel">
      <UniqueIdentifier>{e59585c9-38ef-4398-9828-0dfe7bd5a455}</UniqueIdentifier>
    </Filter>
    <Filter Include="Source\HighLevel\Component">
      <UniqueIdentifier>{5241ec6f-eaa8-42f1-b0b3-d1c7fcc0756e}</UniqueIdentifier>
    </Filter>
    <Filter Include="Source\HighLevel\Behaviour">
      <UniqueIdentifier>{8636235f-7613-46c3-ac14-ffe65fe151cb}</UniqueIdentifier>
    </Filter>
    <Filter Include="Source\Graphics\Shader">
      <UniqueIdentifier>{1298e19e-20de-4168-97c0-262693440c49}</UniqueIdentifier>
    </Filter>
    <Filter Include="Source\Physics\PhysX">
      <UniqueIdentifier>{8eee3524-c3cf-4f16-a8c5-b2abe59208e7}</UniqueIdentifier>
    </Filter>
    <Filter Include="Source\Graphics\Shader\Sprite">
      <UniqueIdentifier>{8c8345dd-73d1-42e5-b41f-e27c1dd80673}</UniqueIdentifier>
    </Filter>
    <Filter Include="Source\Graphics\Vender">
      <UniqueIdentifier>{d16260f1-49c5-457e-8b25-bccbcd8b5915}</UniqueIdentifier>
    </Filter>
    <Filter Include="Library">
      <UniqueIdentifier>{a9117c26-298c-4f72-9d3f-76420733a8c4}</UniqueIdentifier>
    </Filter>
    <Filter Include="Library\imGui">
      <UniqueIdentifier>{3402aadc-b010-434e-98dc-2336ff33a61f}</UniqueIdentifier>
    </Filter>
    <Filter Include="Source\Profile">
      <UniqueIdentifier>{db5773ed-8c01-48f4-9862-b8928a9543a3}</UniqueIdentifier>
    </Filter>
    <Filter Include="Source\Graphics\Shader\GPUParticle">
      <UniqueIdentifier>{d00205f7-cb88-4083-94ba-60b8f0ee702c}</UniqueIdentifier>
    </Filter>
  </ItemGroup>
  <ItemGroup>
    <ClCompile Include="Source\Window\Window.cpp">
      <Filter>Source\Window</Filter>
    </ClCompile>
    <ClCompile Include="Source\Pch.cpp">
      <Filter>Source</Filter>
    </ClCompile>
    <ClCompile Include="Source\Graphics\GraphicsDevice.cpp">
      <Filter>Source\Graphics</Filter>
    </ClCompile>
    <ClCompile Include="Source\Graphics\GraphicsDeviceChild.cpp">
      <Filter>Source\Graphics</Filter>
    </ClCompile>
    <ClCompile Include="Source\Graphics\Texture.cpp">
      <Filter>Source\Graphics</Filter>
    </ClCompile>
    <ClCompile Include="Source\Audio\AudioDevice.cpp">
      <Filter>Source\Audio</Filter>
    </ClCompile>
    <ClCompile Include="Source\Audio\AudioDeviceChild.cpp">
      <Filter>Source\Audio</Filter>
    </ClCompile>
    <ClCompile Include="Source\Audio\Vender\WaveBankReader.cpp">
      <Filter>Source\Audio\Vender</Filter>
    </ClCompile>
    <ClCompile Include="Source\Audio\Vender\WAVFileReader.cpp">
      <Filter>Source\Audio\Vender</Filter>
    </ClCompile>
    <ClCompile Include="Source\Audio\Sound.cpp">
      <Filter>Source\Audio</Filter>
    </ClCompile>
    <ClCompile Include="Source\Video\VideoDevice.cpp">
      <Filter>Source\Video</Filter>
    </ClCompile>
    <ClCompile Include="Source\Input\Input.cpp">
      <Filter>Source\Input</Filter>
    </ClCompile>
    <ClCompile Include="Source\Audio\Sound3D.cpp">
      <Filter>Source\Audio</Filter>
    </ClCompile>
    <ClCompile Include="Source\Utility\Utility.cpp">
      <Filter>Source\Utility</Filter>
    </ClCompile>
    <ClCompile Include="Source\Input\GamePad.cpp">
      <Filter>Source\Input</Filter>
    </ClCompile>
    <ClCompile Include="Source\Utility\Timer.cpp">
      <Filter>Source\Utility</Filter>
    </ClCompile>
    <ClCompile Include="Source\HighLevel\Component\Transform.cpp">
      <Filter>Source\HighLevel\Component</Filter>
    </ClCompile>
    <ClCompile Include="Source\Physics\Collision.cpp">
      <Filter>Source\Physics</Filter>
    </ClCompile>
    <ClCompile Include="Source\HighLevel\CyclopsRoot.cpp">
      <Filter>Source\HighLevel</Filter>
    </ClCompile>
    <ClCompile Include="Source\Math\Vector3.cpp">
      <Filter>Source\Math</Filter>
    </ClCompile>
    <ClCompile Include="Source\Graphics\Buffer.cpp">
      <Filter>Source\Graphics</Filter>
    </ClCompile>
    <ClCompile Include="Source\Subsystem.cpp">
      <Filter>Source</Filter>
    </ClCompile>
    <ClCompile Include="Source\Graphics\Shader\Sprite\SpriteShader.cpp">
      <Filter>Source\Graphics\Shader\Sprite</Filter>
    </ClCompile>
    <ClCompile Include="Source\Graphics\RendererStatus.cpp">
      <Filter>Source\Graphics</Filter>
    </ClCompile>
    <ClCompile Include="Source\Graphics\Shader\ShaderManager.cpp">
      <Filter>Source\Graphics\Shader</Filter>
    </ClCompile>
    <ClCompile Include="Source\Profile\Profile.cpp">
      <Filter>Source\Profile</Filter>
    </ClCompile>
    <ClCompile Include="Source\Profile\ImGuiProfile.cpp">
      <Filter>Source\Profile</Filter>
    </ClCompile>
    <ClCompile Include="Source\Math\Vector2.cpp">
      <Filter>Source\Math</Filter>
    </ClCompile>
    <ClCompile Include="..\Library\imGui\imgui.cpp">
      <Filter>Library\imGui</Filter>
    </ClCompile>
    <ClCompile Include="..\Library\imGui\imgui_demo.cpp">
      <Filter>Library\imGui</Filter>
    </ClCompile>
    <ClCompile Include="..\Library\imGui\imgui_draw.cpp">
      <Filter>Library\imGui</Filter>
    </ClCompile>
    <ClCompile Include="..\Library\imGui\imgui_impl_dx11.cpp">
      <Filter>Library\imGui</Filter>
    </ClCompile>
    <ClCompile Include="..\Library\imGui\imgui_impl_win32.cpp">
      <Filter>Library\imGui</Filter>
    </ClCompile>
    <ClCompile Include="..\Library\imGui\imgui_tables.cpp">
      <Filter>Library\imGui</Filter>
    </ClCompile>
    <ClCompile Include="..\Library\imGui\imgui_widgets.cpp">
      <Filter>Library\imGui</Filter>
    </ClCompile>
    <ClCompile Include="Source\Graphics\Shader\GPUParticle\GPUParticle.cpp">
      <Filter>Source\Graphics\Shader\GPUParticle</Filter>
    </ClCompile>
  </ItemGroup>
  <ItemGroup>
    <ClInclude Include="Source\Window\Window.h">
      <Filter>Source\Window</Filter>
    </ClInclude>
    <ClInclude Include="Source\Pch.h">
      <Filter>Source</Filter>
    </ClInclude>
    <ClInclude Include="Source\Graphics\GraphicsDevice.h">
      <Filter>Source\Graphics</Filter>
    </ClInclude>
    <ClInclude Include="Source\Graphics\GraphicsDeviceChild.h">
      <Filter>Source\Graphics</Filter>
    </ClInclude>
    <ClInclude Include="Source\Engine.h">
      <Filter>Source</Filter>
    </ClInclude>
    <ClInclude Include="Source\Math\Vector3.h">
      <Filter>Source\Math</Filter>
    </ClInclude>
    <ClInclude Include="Source\Math\Vector4.h">
      <Filter>Source\Math</Filter>
    </ClInclude>
    <ClInclude Include="Source\Math\Matrix.h">
      <Filter>Source\Math</Filter>
    </ClInclude>
    <ClInclude Include="Source\Math\Quaternion.h">
      <Filter>Source\Math</Filter>
    </ClInclude>
    <ClInclude Include="Source\Graphics\Texture.h">
      <Filter>Source\Graphics</Filter>
    </ClInclude>
    <ClInclude Include="Source\Audio\AudioDevice.h">
      <Filter>Source\Audio</Filter>
    </ClInclude>
    <ClInclude Include="Source\Audio\AudioDeviceChild.h">
      <Filter>Source\Audio</Filter>
    </ClInclude>
    <ClInclude Include="Source\Audio\Vender\WaveBankReader.h">
      <Filter>Source\Audio\Vender</Filter>
    </ClInclude>
    <ClInclude Include="Source\Audio\Vender\WAVFileReader.h">
      <Filter>Source\Audio\Vender</Filter>
    </ClInclude>
    <ClInclude Include="Source\Audio\Sound.h">
      <Filter>Source\Audio</Filter>
    </ClInclude>
    <ClInclude Include="Source\Video\VideoDevice.h">
      <Filter>Source\Video</Filter>
    </ClInclude>
    <ClInclude Include="Source\HighLevel\Component\Component.h">
      <Filter>Source\HighLevel\Component</Filter>
    </ClInclude>
    <ClInclude Include="Source\HighLevel\Behaviour\Behaviour.h">
      <Filter>Source\HighLevel\Behaviour</Filter>
    </ClInclude>
    <ClInclude Include="Source\Input\Input.h">
      <Filter>Source\Input</Filter>
    </ClInclude>
    <ClInclude Include="Source\Audio\Sound3D.h">
      <Filter>Source\Audio</Filter>
    </ClInclude>
    <ClInclude Include="Source\Utility\Timer.h">
      <Filter>Source\Utility</Filter>
    </ClInclude>
    <ClInclude Include="Source\Utility\Utility.h">
      <Filter>Source\Utility</Filter>
    </ClInclude>
    <ClInclude Include="Source\Math\Vector2.h">
      <Filter>Source\Math</Filter>
    </ClInclude>
    <ClInclude Include="Source\Math\Vector2Int.h">
      <Filter>Source\Math</Filter>
    </ClInclude>
    <ClInclude Include="Source\Input\GamePad.h">
      <Filter>Source\Input</Filter>
    </ClInclude>
    <ClInclude Include="Source\HighLevel\Component\Transform.h">
      <Filter>Source\HighLevel\Component</Filter>
    </ClInclude>
    <ClInclude Include="Source\Physics\Collision.h">
      <Filter>Source\Physics</Filter>
    </ClInclude>
    <ClInclude Include="Source\Math\Vector3Int.h">
      <Filter>Source\Math</Filter>
    </ClInclude>
    <ClInclude Include="Source\Math\Vector4Int.h">
      <Filter>Source\Math</Filter>
    </ClInclude>
    <ClInclude Include="Source\HighLevel\CyclopsRoot.h">
      <Filter>Source\HighLevel</Filter>
    </ClInclude>
    <ClInclude Include="Source\Math\Color.h">
      <Filter>Source\Math</Filter>
    </ClInclude>
    <ClInclude Include="Source\Graphics\Buffer.h">
      <Filter>Source\Graphics</Filter>
    </ClInclude>
    <ClInclude Include="Source\Subsystem.h">
      <Filter>Source</Filter>
    </ClInclude>
    <ClInclude Include="Source\Graphics\Shader\Sprite\SpriteShader.h">
      <Filter>Source\Graphics\Shader\Sprite</Filter>
    </ClInclude>
    <ClInclude Include="Source\Graphics\RendererStatus.h">
      <Filter>Source\Graphics</Filter>
    </ClInclude>
    <ClInclude Include="Source\Graphics\Shader\ShaderManager.h">
      <Filter>Source\Graphics\Shader</Filter>
    </ClInclude>
    <ClInclude Include="Source\Profile\Profile.h">
      <Filter>Source\Profile</Filter>
    </ClInclude>
    <ClInclude Include="Source\Profile\ImGuiProfile.h">
      <Filter>Source\Profile</Filter>
    </ClInclude>
    <ClInclude Include="..\Library\imGui\imconfig.h">
      <Filter>Library\imGui</Filter>
    </ClInclude>
    <ClInclude Include="..\Library\imGui\imgui.h">
      <Filter>Library\imGui</Filter>
    </ClInclude>
    <ClInclude Include="..\Library\imGui\imgui_glyph_ranges_jp.h">
      <Filter>Library\imGui</Filter>
    </ClInclude>
    <ClInclude Include="..\Library\imGui\imgui_impl_dx11.h">
      <Filter>Library\imGui</Filter>
    </ClInclude>
    <ClInclude Include="..\Library\imGui\imgui_impl_win32.h">
      <Filter>Library\imGui</Filter>
    </ClInclude>
    <ClInclude Include="..\Library\imGui\imgui_internal.h">
      <Filter>Library\imGui</Filter>
    </ClInclude>
    <ClInclude Include="..\Library\imGui\imstb_rectpack.h">
      <Filter>Library\imGui</Filter>
    </ClInclude>
    <ClInclude Include="..\Library\imGui\imstb_textedit.h">
      <Filter>Library\imGui</Filter>
    </ClInclude>
    <ClInclude Include="..\Library\imGui\imstb_truetype.h">
      <Filter>Library\imGui</Filter>
    </ClInclude>
    <ClInclude Include="Source\Graphics\Shader\GPUParticle\GPUParticle.h">
      <Filter>Source\Graphics\Shader\GPUParticle</Filter>
    </ClInclude>
  </ItemGroup>
  <ItemGroup>
    <FxCompile Include="Source\Graphics\Shader\Sprite\SpriteShader_VS.hlsl">
      <Filter>Source\Graphics\Shader\Sprite</Filter>
    </FxCompile>
    <FxCompile Include="Source\Graphics\Shader\Sprite\SpriteShader_PS.hlsl">
      <Filter>Source\Graphics\Shader\Sprite</Filter>
    </FxCompile>
    <FxCompile Include="Source\Graphics\Shader\GPUParticle\GPUParticle_PS.hlsl">
      <Filter>Source\Graphics\Shader\GPUParticle</Filter>
    </FxCompile>
    <FxCompile Include="Source\Graphics\Shader\GPUParticle\GPUParticle_CS.hlsl">
      <Filter>Source\Graphics\Shader\GPUParticle</Filter>
    </FxCompile>
    <FxCompile Include="Source\Graphics\Shader\GPUParticle\GPUParticle_VS.hlsl">
      <Filter>Source\Graphics\Shader\GPUParticle</Filter>
    </FxCompile>
  </ItemGroup>
  <ItemGroup>
    <None Include="Source\Graphics\Shader\Sprite\SpriteShader.hlsli">
      <Filter>Source\Graphics\Shader\Sprite</Filter>
    </None>
    <None Include="Source\Graphics\Shader\ConstantBuffer.hlsli">
      <Filter>Source\Graphics\Shader</Filter>
    </None>
    <None Include="Source\Graphics\Shader\GPUParticle\GPUParticle.hlsli">
      <Filter>Source\Graphics\Shader\GPUParticle</Filter>
    </None>
  </ItemGroup>
</Project>